// !$*UTF8*$!
{
	archiveVersion = 1;
	classes = {
	};
	objectVersion = 50;
	objects = {

/* Begin PBXBuildFile section */
		53CCDD4C23C8D948006AED5D /* AppDelegate.swift in Sources */ = {isa = PBXBuildFile; fileRef = 53CCDD4B23C8D948006AED5D /* AppDelegate.swift */; };
		53CCDD4E23C8D948006AED5D /* SceneDelegate.swift in Sources */ = {isa = PBXBuildFile; fileRef = 53CCDD4D23C8D948006AED5D /* SceneDelegate.swift */; };
		53CCDD5123C8D948006AED5D /* Bento.xcdatamodeld in Sources */ = {isa = PBXBuildFile; fileRef = 53CCDD4F23C8D948006AED5D /* Bento.xcdatamodeld */; };
		53CCDD5523C8D949006AED5D /* Assets.xcassets in Resources */ = {isa = PBXBuildFile; fileRef = 53CCDD5423C8D949006AED5D /* Assets.xcassets */; };
		53CCDD5823C8D949006AED5D /* Preview Assets.xcassets in Resources */ = {isa = PBXBuildFile; fileRef = 53CCDD5723C8D949006AED5D /* Preview Assets.xcassets */; };
		53CCDD5B23C8D949006AED5D /* LaunchScreen.storyboard in Resources */ = {isa = PBXBuildFile; fileRef = 53CCDD5923C8D949006AED5D /* LaunchScreen.storyboard */; };
		53CCDD6623C8D94A006AED5D /* BentoTests.swift in Sources */ = {isa = PBXBuildFile; fileRef = 53CCDD6523C8D94A006AED5D /* BentoTests.swift */; };
		53CCDD7123C8D94A006AED5D /* BentoUITests.swift in Sources */ = {isa = PBXBuildFile; fileRef = 53CCDD7023C8D94A006AED5D /* BentoUITests.swift */; };
		53CCDD8223C8DD40006AED5D /* Ingredient.swift in Sources */ = {isa = PBXBuildFile; fileRef = 53CCDD8123C8DD40006AED5D /* Ingredient.swift */; };
		53CCDD8423C8E092006AED5D /* IngredientRow.swift in Sources */ = {isa = PBXBuildFile; fileRef = 53CCDD8323C8E092006AED5D /* IngredientRow.swift */; };
		53CCDD8723C8E36A006AED5D /* ingredientData.json in Resources */ = {isa = PBXBuildFile; fileRef = 53CCDD8623C8E36A006AED5D /* ingredientData.json */; };
		53CCDD8B23C8E510006AED5D /* Data.swift in Sources */ = {isa = PBXBuildFile; fileRef = 53CCDD8A23C8E510006AED5D /* Data.swift */; };
		53CCDD9223C909A0006AED5D /* IngredientList.swift in Sources */ = {isa = PBXBuildFile; fileRef = 53CCDD9123C909A0006AED5D /* IngredientList.swift */; };
		53CCDD9423CC76FD006AED5D /* IngredientAdd.swift in Sources */ = {isa = PBXBuildFile; fileRef = 53CCDD9323CC76FD006AED5D /* IngredientAdd.swift */; };
		53CCDD9623CC90B5006AED5D /* IngredientAddRow.swift in Sources */ = {isa = PBXBuildFile; fileRef = 53CCDD9523CC90B5006AED5D /* IngredientAddRow.swift */; };
		53CCDD9823CC9260006AED5D /* QuantityButton.swift in Sources */ = {isa = PBXBuildFile; fileRef = 53CCDD9723CC9260006AED5D /* QuantityButton.swift */; };
		53CCDD9A23CDF811006AED5D /* Home.swift in Sources */ = {isa = PBXBuildFile; fileRef = 53CCDD9923CDF811006AED5D /* Home.swift */; };
		53CCDD9C23CDFD78006AED5D /* Calendar.swift in Sources */ = {isa = PBXBuildFile; fileRef = 53CCDD9B23CDFD78006AED5D /* Calendar.swift */; };
		53CCDD9E23CE017F006AED5D /* WeekTitle.swift in Sources */ = {isa = PBXBuildFile; fileRef = 53CCDD9D23CE017F006AED5D /* WeekTitle.swift */; };
/* End PBXBuildFile section */

/* Begin PBXContainerItemProxy section */
		53CCDD6223C8D94A006AED5D /* PBXContainerItemProxy */ = {
			isa = PBXContainerItemProxy;
			containerPortal = 53CCDD4023C8D948006AED5D /* Project object */;
			proxyType = 1;
			remoteGlobalIDString = 53CCDD4723C8D948006AED5D;
			remoteInfo = Bento;
		};
		53CCDD6D23C8D94A006AED5D /* PBXContainerItemProxy */ = {
			isa = PBXContainerItemProxy;
			containerPortal = 53CCDD4023C8D948006AED5D /* Project object */;
			proxyType = 1;
			remoteGlobalIDString = 53CCDD4723C8D948006AED5D;
			remoteInfo = Bento;
		};
/* End PBXContainerItemProxy section */

/* Begin PBXFileReference section */
		53CCDD4823C8D948006AED5D /* Bento.app */ = {isa = PBXFileReference; explicitFileType = wrapper.application; includeInIndex = 0; path = Bento.app; sourceTree = BUILT_PRODUCTS_DIR; };
		53CCDD4B23C8D948006AED5D /* AppDelegate.swift */ = {isa = PBXFileReference; lastKnownFileType = sourcecode.swift; path = AppDelegate.swift; sourceTree = "<group>"; };
		53CCDD4D23C8D948006AED5D /* SceneDelegate.swift */ = {isa = PBXFileReference; lastKnownFileType = sourcecode.swift; path = SceneDelegate.swift; sourceTree = "<group>"; };
		53CCDD5023C8D948006AED5D /* Bento.xcdatamodel */ = {isa = PBXFileReference; lastKnownFileType = wrapper.xcdatamodel; path = Bento.xcdatamodel; sourceTree = "<group>"; };
		53CCDD5423C8D949006AED5D /* Assets.xcassets */ = {isa = PBXFileReference; lastKnownFileType = folder.assetcatalog; path = Assets.xcassets; sourceTree = "<group>"; };
		53CCDD5723C8D949006AED5D /* Preview Assets.xcassets */ = {isa = PBXFileReference; lastKnownFileType = folder.assetcatalog; path = "Preview Assets.xcassets"; sourceTree = "<group>"; };
		53CCDD5A23C8D949006AED5D /* Base */ = {isa = PBXFileReference; lastKnownFileType = file.storyboard; name = Base; path = Base.lproj/LaunchScreen.storyboard; sourceTree = "<group>"; };
		53CCDD5C23C8D949006AED5D /* Info.plist */ = {isa = PBXFileReference; lastKnownFileType = text.plist.xml; path = Info.plist; sourceTree = "<group>"; };
		53CCDD6123C8D94A006AED5D /* BentoTests.xctest */ = {isa = PBXFileReference; explicitFileType = wrapper.cfbundle; includeInIndex = 0; path = BentoTests.xctest; sourceTree = BUILT_PRODUCTS_DIR; };
		53CCDD6523C8D94A006AED5D /* BentoTests.swift */ = {isa = PBXFileReference; lastKnownFileType = sourcecode.swift; path = BentoTests.swift; sourceTree = "<group>"; };
		53CCDD6723C8D94A006AED5D /* Info.plist */ = {isa = PBXFileReference; lastKnownFileType = text.plist.xml; path = Info.plist; sourceTree = "<group>"; };
		53CCDD6C23C8D94A006AED5D /* BentoUITests.xctest */ = {isa = PBXFileReference; explicitFileType = wrapper.cfbundle; includeInIndex = 0; path = BentoUITests.xctest; sourceTree = BUILT_PRODUCTS_DIR; };
		53CCDD7023C8D94A006AED5D /* BentoUITests.swift */ = {isa = PBXFileReference; lastKnownFileType = sourcecode.swift; path = BentoUITests.swift; sourceTree = "<group>"; };
		53CCDD7223C8D94A006AED5D /* Info.plist */ = {isa = PBXFileReference; lastKnownFileType = text.plist.xml; path = Info.plist; sourceTree = "<group>"; };
		53CCDD8123C8DD40006AED5D /* Ingredient.swift */ = {isa = PBXFileReference; lastKnownFileType = sourcecode.swift; path = Ingredient.swift; sourceTree = "<group>"; };
		53CCDD8323C8E092006AED5D /* IngredientRow.swift */ = {isa = PBXFileReference; lastKnownFileType = sourcecode.swift; path = IngredientRow.swift; sourceTree = "<group>"; };
		53CCDD8623C8E36A006AED5D /* ingredientData.json */ = {isa = PBXFileReference; lastKnownFileType = text.json; path = ingredientData.json; sourceTree = "<group>"; };
		53CCDD8A23C8E510006AED5D /* Data.swift */ = {isa = PBXFileReference; lastKnownFileType = sourcecode.swift; path = Data.swift; sourceTree = "<group>"; };
		53CCDD9123C909A0006AED5D /* IngredientList.swift */ = {isa = PBXFileReference; lastKnownFileType = sourcecode.swift; path = IngredientList.swift; sourceTree = "<group>"; };
		53CCDD9323CC76FD006AED5D /* IngredientAdd.swift */ = {isa = PBXFileReference; lastKnownFileType = sourcecode.swift; path = IngredientAdd.swift; sourceTree = "<group>"; };
		53CCDD9523CC90B5006AED5D /* IngredientAddRow.swift */ = {isa = PBXFileReference; lastKnownFileType = sourcecode.swift; path = IngredientAddRow.swift; sourceTree = "<group>"; };
		53CCDD9723CC9260006AED5D /* QuantityButton.swift */ = {isa = PBXFileReference; lastKnownFileType = sourcecode.swift; path = QuantityButton.swift; sourceTree = "<group>"; };
		53CCDD9923CDF811006AED5D /* Home.swift */ = {isa = PBXFileReference; lastKnownFileType = sourcecode.swift; path = Home.swift; sourceTree = "<group>"; };
		53CCDD9B23CDFD78006AED5D /* Calendar.swift */ = {isa = PBXFileReference; lastKnownFileType = sourcecode.swift; path = Calendar.swift; sourceTree = "<group>"; };
		53CCDD9D23CE017F006AED5D /* WeekTitle.swift */ = {isa = PBXFileReference; lastKnownFileType = sourcecode.swift; path = WeekTitle.swift; sourceTree = "<group>"; };
/* End PBXFileReference section */

/* Begin PBXFrameworksBuildPhase section */
		53CCDD4523C8D948006AED5D /* Frameworks */ = {
			isa = PBXFrameworksBuildPhase;
			buildActionMask = 2147483647;
			files = (
			);
			runOnlyForDeploymentPostprocessing = 0;
		};
		53CCDD5E23C8D94A006AED5D /* Frameworks */ = {
			isa = PBXFrameworksBuildPhase;
			buildActionMask = 2147483647;
			files = (
			);
			runOnlyForDeploymentPostprocessing = 0;
		};
		53CCDD6923C8D94A006AED5D /* Frameworks */ = {
			isa = PBXFrameworksBuildPhase;
			buildActionMask = 2147483647;
			files = (
			);
			runOnlyForDeploymentPostprocessing = 0;
		};
/* End PBXFrameworksBuildPhase section */

/* Begin PBXGroup section */
		53CCDD3F23C8D948006AED5D = {
			isa = PBXGroup;
			children = (
				53CCDD4A23C8D948006AED5D /* Bento */,
				53CCDD6423C8D94A006AED5D /* BentoTests */,
				53CCDD6F23C8D94A006AED5D /* BentoUITests */,
				53CCDD4923C8D948006AED5D /* Products */,
			);
			sourceTree = "<group>";
		};
		53CCDD4923C8D948006AED5D /* Products */ = {
			isa = PBXGroup;
			children = (
				53CCDD4823C8D948006AED5D /* Bento.app */,
				53CCDD6123C8D94A006AED5D /* BentoTests.xctest */,
				53CCDD6C23C8D94A006AED5D /* BentoUITests.xctest */,
			);
			name = Products;
			sourceTree = "<group>";
		};
		53CCDD4A23C8D948006AED5D /* Bento */ = {
			isa = PBXGroup;
			children = (
				53CCDD7E23C8DCBC006AED5D /* Models */,
				53CCDD4B23C8D948006AED5D /* AppDelegate.swift */,
				53CCDD4D23C8D948006AED5D /* SceneDelegate.swift */,
				53CCDD8323C8E092006AED5D /* IngredientRow.swift */,
				53CCDD9123C909A0006AED5D /* IngredientList.swift */,
				53CCDD9523CC90B5006AED5D /* IngredientAddRow.swift */,
				53CCDD9923CDF811006AED5D /* Home.swift */,
				53CCDD9B23CDFD78006AED5D /* Calendar.swift */,
				53CCDD9D23CE017F006AED5D /* WeekTitle.swift */,
				53CCDD9723CC9260006AED5D /* QuantityButton.swift */,
				53CCDD9323CC76FD006AED5D /* IngredientAdd.swift */,
				53CCDD5423C8D949006AED5D /* Assets.xcassets */,
				53CCDD5923C8D949006AED5D /* LaunchScreen.storyboard */,
				53CCDD5C23C8D949006AED5D /* Info.plist */,
				53CCDD4F23C8D948006AED5D /* Bento.xcdatamodeld */,
				53CCDD8523C8E33B006AED5D /* Resources */,
				53CCDD5623C8D949006AED5D /* Preview Content */,
			);
			path = Bento;
			sourceTree = "<group>";
		};
		53CCDD5623C8D949006AED5D /* Preview Content */ = {
			isa = PBXGroup;
			children = (
				53CCDD5723C8D949006AED5D /* Preview Assets.xcassets */,
			);
			path = "Preview Content";
			sourceTree = "<group>";
		};
		53CCDD6423C8D94A006AED5D /* BentoTests */ = {
			isa = PBXGroup;
			children = (
				53CCDD6523C8D94A006AED5D /* BentoTests.swift */,
				53CCDD6723C8D94A006AED5D /* Info.plist */,
			);
			path = BentoTests;
			sourceTree = "<group>";
		};
		53CCDD6F23C8D94A006AED5D /* BentoUITests */ = {
			isa = PBXGroup;
			children = (
				53CCDD7023C8D94A006AED5D /* BentoUITests.swift */,
				53CCDD7223C8D94A006AED5D /* Info.plist */,
			);
			path = BentoUITests;
			sourceTree = "<group>";
		};
		53CCDD7E23C8DCBC006AED5D /* Models */ = {
			isa = PBXGroup;
			children = (
				53CCDD8123C8DD40006AED5D /* Ingredient.swift */,
				53CCDD8A23C8E510006AED5D /* Data.swift */,
			);
			path = Models;
			sourceTree = "<group>";
		};
		53CCDD8523C8E33B006AED5D /* Resources */ = {
			isa = PBXGroup;
			children = (
				53CCDD8623C8E36A006AED5D /* ingredientData.json */,
			);
			path = Resources;
			sourceTree = "<group>";
		};
/* End PBXGroup section */

/* Begin PBXNativeTarget section */
		53CCDD4723C8D948006AED5D /* Bento */ = {
			isa = PBXNativeTarget;
			buildConfigurationList = 53CCDD7523C8D94A006AED5D /* Build configuration list for PBXNativeTarget "Bento" */;
			buildPhases = (
				53CCDD4423C8D948006AED5D /* Sources */,
				53CCDD4523C8D948006AED5D /* Frameworks */,
				53CCDD4623C8D948006AED5D /* Resources */,
			);
			buildRules = (
			);
			dependencies = (
			);
			name = Bento;
			productName = Bento;
			productReference = 53CCDD4823C8D948006AED5D /* Bento.app */;
			productType = "com.apple.product-type.application";
		};
		53CCDD6023C8D94A006AED5D /* BentoTests */ = {
			isa = PBXNativeTarget;
			buildConfigurationList = 53CCDD7823C8D94A006AED5D /* Build configuration list for PBXNativeTarget "BentoTests" */;
			buildPhases = (
				53CCDD5D23C8D94A006AED5D /* Sources */,
				53CCDD5E23C8D94A006AED5D /* Frameworks */,
				53CCDD5F23C8D94A006AED5D /* Resources */,
			);
			buildRules = (
			);
			dependencies = (
				53CCDD6323C8D94A006AED5D /* PBXTargetDependency */,
			);
			name = BentoTests;
			productName = BentoTests;
			productReference = 53CCDD6123C8D94A006AED5D /* BentoTests.xctest */;
			productType = "com.apple.product-type.bundle.unit-test";
		};
		53CCDD6B23C8D94A006AED5D /* BentoUITests */ = {
			isa = PBXNativeTarget;
			buildConfigurationList = 53CCDD7B23C8D94A006AED5D /* Build configuration list for PBXNativeTarget "BentoUITests" */;
			buildPhases = (
				53CCDD6823C8D94A006AED5D /* Sources */,
				53CCDD6923C8D94A006AED5D /* Frameworks */,
				53CCDD6A23C8D94A006AED5D /* Resources */,
			);
			buildRules = (
			);
			dependencies = (
				53CCDD6E23C8D94A006AED5D /* PBXTargetDependency */,
			);
			name = BentoUITests;
			productName = BentoUITests;
			productReference = 53CCDD6C23C8D94A006AED5D /* BentoUITests.xctest */;
			productType = "com.apple.product-type.bundle.ui-testing";
		};
/* End PBXNativeTarget section */

/* Begin PBXProject section */
		53CCDD4023C8D948006AED5D /* Project object */ = {
			isa = PBXProject;
			attributes = {
				LastSwiftUpdateCheck = 1130;
				LastUpgradeCheck = 1130;
				ORGANIZATIONNAME = "Yoav Nir";
				TargetAttributes = {
					53CCDD4723C8D948006AED5D = {
						CreatedOnToolsVersion = 11.3;
					};
					53CCDD6023C8D94A006AED5D = {
						CreatedOnToolsVersion = 11.3;
						TestTargetID = 53CCDD4723C8D948006AED5D;
					};
					53CCDD6B23C8D94A006AED5D = {
						CreatedOnToolsVersion = 11.3;
						TestTargetID = 53CCDD4723C8D948006AED5D;
					};
				};
			};
			buildConfigurationList = 53CCDD4323C8D948006AED5D /* Build configuration list for PBXProject "Bento" */;
			compatibilityVersion = "Xcode 9.3";
			developmentRegion = en;
			hasScannedForEncodings = 0;
			knownRegions = (
				en,
				Base,
			);
			mainGroup = 53CCDD3F23C8D948006AED5D;
			productRefGroup = 53CCDD4923C8D948006AED5D /* Products */;
			projectDirPath = "";
			projectRoot = "";
			targets = (
				53CCDD4723C8D948006AED5D /* Bento */,
				53CCDD6023C8D94A006AED5D /* BentoTests */,
				53CCDD6B23C8D94A006AED5D /* BentoUITests */,
			);
		};
/* End PBXProject section */

/* Begin PBXResourcesBuildPhase section */
		53CCDD4623C8D948006AED5D /* Resources */ = {
			isa = PBXResourcesBuildPhase;
			buildActionMask = 2147483647;
			files = (
				53CCDD5B23C8D949006AED5D /* LaunchScreen.storyboard in Resources */,
				53CCDD5823C8D949006AED5D /* Preview Assets.xcassets in Resources */,
				53CCDD8723C8E36A006AED5D /* ingredientData.json in Resources */,
				53CCDD5523C8D949006AED5D /* Assets.xcassets in Resources */,
			);
			runOnlyForDeploymentPostprocessing = 0;
		};
		53CCDD5F23C8D94A006AED5D /* Resources */ = {
			isa = PBXResourcesBuildPhase;
			buildActionMask = 2147483647;
			files = (
			);
			runOnlyForDeploymentPostprocessing = 0;
		};
		53CCDD6A23C8D94A006AED5D /* Resources */ = {
			isa = PBXResourcesBuildPhase;
			buildActionMask = 2147483647;
			files = (
			);
			runOnlyForDeploymentPostprocessing = 0;
		};
/* End PBXResourcesBuildPhase section */

/* Begin PBXSourcesBuildPhase section */
		53CCDD4423C8D948006AED5D /* Sources */ = {
			isa = PBXSourcesBuildPhase;
			buildActionMask = 2147483647;
			files = (
				53CCDD9E23CE017F006AED5D /* WeekTitle.swift in Sources */,
				53CCDD9823CC9260006AED5D /* QuantityButton.swift in Sources */,
				53CCDD9423CC76FD006AED5D /* IngredientAdd.swift in Sources */,
				53CCDD8423C8E092006AED5D /* IngredientRow.swift in Sources */,
				53CCDD9A23CDF811006AED5D /* Home.swift in Sources */,
				53CCDD9223C909A0006AED5D /* IngredientList.swift in Sources */,
				53CCDD8B23C8E510006AED5D /* Data.swift in Sources */,
				53CCDD9623CC90B5006AED5D /* IngredientAddRow.swift in Sources */,
				53CCDD9C23CDFD78006AED5D /* Calendar.swift in Sources */,
				53CCDD5123C8D948006AED5D /* Bento.xcdatamodeld in Sources */,
				53CCDD4C23C8D948006AED5D /* AppDelegate.swift in Sources */,
				53CCDD8223C8DD40006AED5D /* Ingredient.swift in Sources */,
				53CCDD4E23C8D948006AED5D /* SceneDelegate.swift in Sources */,
			);
			runOnlyForDeploymentPostprocessing = 0;
		};
		53CCDD5D23C8D94A006AED5D /* Sources */ = {
			isa = PBXSourcesBuildPhase;
			buildActionMask = 2147483647;
			files = (
				53CCDD6623C8D94A006AED5D /* BentoTests.swift in Sources */,
			);
			runOnlyForDeploymentPostprocessing = 0;
		};
		53CCDD6823C8D94A006AED5D /* Sources */ = {
			isa = PBXSourcesBuildPhase;
			buildActionMask = 2147483647;
			files = (
				53CCDD7123C8D94A006AED5D /* BentoUITests.swift in Sources */,
			);
			runOnlyForDeploymentPostprocessing = 0;
		};
/* End PBXSourcesBuildPhase section */

/* Begin PBXTargetDependency section */
		53CCDD6323C8D94A006AED5D /* PBXTargetDependency */ = {
			isa = PBXTargetDependency;
			target = 53CCDD4723C8D948006AED5D /* Bento */;
			targetProxy = 53CCDD6223C8D94A006AED5D /* PBXContainerItemProxy */;
		};
		53CCDD6E23C8D94A006AED5D /* PBXTargetDependency */ = {
			isa = PBXTargetDependency;
			target = 53CCDD4723C8D948006AED5D /* Bento */;
			targetProxy = 53CCDD6D23C8D94A006AED5D /* PBXContainerItemProxy */;
		};
/* End PBXTargetDependency section */

/* Begin PBXVariantGroup section */
		53CCDD5923C8D949006AED5D /* LaunchScreen.storyboard */ = {
			isa = PBXVariantGroup;
			children = (
				53CCDD5A23C8D949006AED5D /* Base */,
			);
			name = LaunchScreen.storyboard;
			sourceTree = "<group>";
		};
/* End PBXVariantGroup section */

/* Begin XCBuildConfiguration section */
		53CCDD7323C8D94A006AED5D /* Debug */ = {
			isa = XCBuildConfiguration;
			buildSettings = {
				ALWAYS_SEARCH_USER_PATHS = NO;
				CLANG_ANALYZER_NONNULL = YES;
				CLANG_ANALYZER_NUMBER_OBJECT_CONVERSION = YES_AGGRESSIVE;
				CLANG_CXX_LANGUAGE_STANDARD = "gnu++14";
				CLANG_CXX_LIBRARY = "libc++";
				CLANG_ENABLE_MODULES = YES;
				CLANG_ENABLE_OBJC_ARC = YES;
				CLANG_ENABLE_OBJC_WEAK = YES;
				CLANG_WARN_BLOCK_CAPTURE_AUTORELEASING = YES;
				CLANG_WARN_BOOL_CONVERSION = YES;
				CLANG_WARN_COMMA = YES;
				CLANG_WARN_CONSTANT_CONVERSION = YES;
				CLANG_WARN_DEPRECATED_OBJC_IMPLEMENTATIONS = YES;
				CLANG_WARN_DIRECT_OBJC_ISA_USAGE = YES_ERROR;
				CLANG_WARN_DOCUMENTATION_COMMENTS = YES;
				CLANG_WARN_EMPTY_BODY = YES;
				CLANG_WARN_ENUM_CONVERSION = YES;
				CLANG_WARN_INFINITE_RECURSION = YES;
				CLANG_WARN_INT_CONVERSION = YES;
				CLANG_WARN_NON_LITERAL_NULL_CONVERSION = YES;
				CLANG_WARN_OBJC_IMPLICIT_RETAIN_SELF = YES;
				CLANG_WARN_OBJC_LITERAL_CONVERSION = YES;
				CLANG_WARN_OBJC_ROOT_CLASS = YES_ERROR;
				CLANG_WARN_RANGE_LOOP_ANALYSIS = YES;
				CLANG_WARN_STRICT_PROTOTYPES = YES;
				CLANG_WARN_SUSPICIOUS_MOVE = YES;
				CLANG_WARN_UNGUARDED_AVAILABILITY = YES_AGGRESSIVE;
				CLANG_WARN_UNREACHABLE_CODE = YES;
				CLANG_WARN__DUPLICATE_METHOD_MATCH = YES;
				COPY_PHASE_STRIP = NO;
				DEBUG_INFORMATION_FORMAT = dwarf;
				ENABLE_STRICT_OBJC_MSGSEND = YES;
				ENABLE_TESTABILITY = YES;
				GCC_C_LANGUAGE_STANDARD = gnu11;
				GCC_DYNAMIC_NO_PIC = NO;
				GCC_NO_COMMON_BLOCKS = YES;
				GCC_OPTIMIZATION_LEVEL = 0;
				GCC_PREPROCESSOR_DEFINITIONS = (
					"DEBUG=1",
					"$(inherited)",
				);
				GCC_WARN_64_TO_32_BIT_CONVERSION = YES;
				GCC_WARN_ABOUT_RETURN_TYPE = YES_ERROR;
				GCC_WARN_UNDECLARED_SELECTOR = YES;
				GCC_WARN_UNINITIALIZED_AUTOS = YES_AGGRESSIVE;
				GCC_WARN_UNUSED_FUNCTION = YES;
				GCC_WARN_UNUSED_VARIABLE = YES;
				IPHONEOS_DEPLOYMENT_TARGET = 13.2;
				MTL_ENABLE_DEBUG_INFO = INCLUDE_SOURCE;
				MTL_FAST_MATH = YES;
				ONLY_ACTIVE_ARCH = YES;
				SDKROOT = iphoneos;
				SWIFT_ACTIVE_COMPILATION_CONDITIONS = DEBUG;
				SWIFT_OPTIMIZATION_LEVEL = "-Onone";
			};
			name = Debug;
		};
		53CCDD7423C8D94A006AED5D /* Release */ = {
			isa = XCBuildConfiguration;
			buildSettings = {
				ALWAYS_SEARCH_USER_PATHS = NO;
				CLANG_ANALYZER_NONNULL = YES;
				CLANG_ANALYZER_NUMBER_OBJECT_CONVERSION = YES_AGGRESSIVE;
				CLANG_CXX_LANGUAGE_STANDARD = "gnu++14";
				CLANG_CXX_LIBRARY = "libc++";
				CLANG_ENABLE_MODULES = YES;
				CLANG_ENABLE_OBJC_ARC = YES;
				CLANG_ENABLE_OBJC_WEAK = YES;
				CLANG_WARN_BLOCK_CAPTURE_AUTORELEASING = YES;
				CLANG_WARN_BOOL_CONVERSION = YES;
				CLANG_WARN_COMMA = YES;
				CLANG_WARN_CONSTANT_CONVERSION = YES;
				CLANG_WARN_DEPRECATED_OBJC_IMPLEMENTATIONS = YES;
				CLANG_WARN_DIRECT_OBJC_ISA_USAGE = YES_ERROR;
				CLANG_WARN_DOCUMENTATION_COMMENTS = YES;
				CLANG_WARN_EMPTY_BODY = YES;
				CLANG_WARN_ENUM_CONVERSION = YES;
				CLANG_WARN_INFINITE_RECURSION = YES;
				CLANG_WARN_INT_CONVERSION = YES;
				CLANG_WARN_NON_LITERAL_NULL_CONVERSION = YES;
				CLANG_WARN_OBJC_IMPLICIT_RETAIN_SELF = YES;
				CLANG_WARN_OBJC_LITERAL_CONVERSION = YES;
				CLANG_WARN_OBJC_ROOT_CLASS = YES_ERROR;
				CLANG_WARN_RANGE_LOOP_ANALYSIS = YES;
				CLANG_WARN_STRICT_PROTOTYPES = YES;
				CLANG_WARN_SUSPICIOUS_MOVE = YES;
				CLANG_WARN_UNGUARDED_AVAILABILITY = YES_AGGRESSIVE;
				CLANG_WARN_UNREACHABLE_CODE = YES;
				CLANG_WARN__DUPLICATE_METHOD_MATCH = YES;
				COPY_PHASE_STRIP = NO;
				DEBUG_INFORMATION_FORMAT = "dwarf-with-dsym";
				ENABLE_NS_ASSERTIONS = NO;
				ENABLE_STRICT_OBJC_MSGSEND = YES;
				GCC_C_LANGUAGE_STANDARD = gnu11;
				GCC_NO_COMMON_BLOCKS = YES;
				GCC_WARN_64_TO_32_BIT_CONVERSION = YES;
				GCC_WARN_ABOUT_RETURN_TYPE = YES_ERROR;
				GCC_WARN_UNDECLARED_SELECTOR = YES;
				GCC_WARN_UNINITIALIZED_AUTOS = YES_AGGRESSIVE;
				GCC_WARN_UNUSED_FUNCTION = YES;
				GCC_WARN_UNUSED_VARIABLE = YES;
				IPHONEOS_DEPLOYMENT_TARGET = 13.2;
				MTL_ENABLE_DEBUG_INFO = NO;
				MTL_FAST_MATH = YES;
				SDKROOT = iphoneos;
				SWIFT_COMPILATION_MODE = wholemodule;
				SWIFT_OPTIMIZATION_LEVEL = "-O";
				VALIDATE_PRODUCT = YES;
			};
			name = Release;
		};
		53CCDD7623C8D94A006AED5D /* Debug */ = {
			isa = XCBuildConfiguration;
			buildSettings = {
				ASSETCATALOG_COMPILER_APPICON_NAME = AppIcon;
				CODE_SIGN_STYLE = Automatic;
				DEVELOPMENT_ASSET_PATHS = "\"Bento/Preview Content\"";
				DEVELOPMENT_TEAM = 2RZ8GD6Q23;
				ENABLE_PREVIEWS = YES;
				INFOPLIST_FILE = Bento/Info.plist;
				LD_RUNPATH_SEARCH_PATHS = (
					"$(inherited)",
					"@executable_path/Frameworks",
				);
				PRODUCT_BUNDLE_IDENTIFIER = com.example.Bento;
				PRODUCT_NAME = "$(TARGET_NAME)";
				SWIFT_VERSION = 5.0;
				TARGETED_DEVICE_FAMILY = "1,2";
			};
			name = Debug;
		};
		53CCDD7723C8D94A006AED5D /* Release */ = {
			isa = XCBuildConfiguration;
			buildSettings = {
				ASSETCATALOG_COMPILER_APPICON_NAME = AppIcon;
				CODE_SIGN_STYLE = Automatic;
				DEVELOPMENT_ASSET_PATHS = "\"Bento/Preview Content\"";
				DEVELOPMENT_TEAM = 2RZ8GD6Q23;
				ENABLE_PREVIEWS = YES;
				INFOPLIST_FILE = Bento/Info.plist;
				LD_RUNPATH_SEARCH_PATHS = (
					"$(inherited)",
					"@executable_path/Frameworks",
				);
				PRODUCT_BUNDLE_IDENTIFIER = com.example.Bento;
				PRODUCT_NAME = "$(TARGET_NAME)";
				SWIFT_VERSION = 5.0;
				TARGETED_DEVICE_FAMILY = "1,2";
			};
			name = Release;
		};
		53CCDD7923C8D94A006AED5D /* Debug */ = {
			isa = XCBuildConfiguration;
			buildSettings = {
				ALWAYS_EMBED_SWIFT_STANDARD_LIBRARIES = YES;
				BUNDLE_LOADER = "$(TEST_HOST)";
				CODE_SIGN_STYLE = Automatic;
				DEVELOPMENT_TEAM = 2RZ8GD6Q23;
				INFOPLIST_FILE = BentoTests/Info.plist;
				IPHONEOS_DEPLOYMENT_TARGET = 13.2;
				LD_RUNPATH_SEARCH_PATHS = (
					"$(inherited)",
					"@executable_path/Frameworks",
					"@loader_path/Frameworks",
				);
				PRODUCT_BUNDLE_IDENTIFIER = com.example.BentoTests;
				PRODUCT_NAME = "$(TARGET_NAME)";
				SWIFT_VERSION = 5.0;
				TARGETED_DEVICE_FAMILY = "1,2";
				TEST_HOST = "$(BUILT_PRODUCTS_DIR)/Bento.app/Bento";
			};
			name = Debug;
		};
		53CCDD7A23C8D94A006AED5D /* Release */ = {
			isa = XCBuildConfiguration;
			buildSettings = {
				ALWAYS_EMBED_SWIFT_STANDARD_LIBRARIES = YES;
				BUNDLE_LOADER = "$(TEST_HOST)";
				CODE_SIGN_STYLE = Automatic;
				DEVELOPMENT_TEAM = 2RZ8GD6Q23;
				INFOPLIST_FILE = BentoTests/Info.plist;
				IPHONEOS_DEPLOYMENT_TARGET = 13.2;
				LD_RUNPATH_SEARCH_PATHS = (
					"$(inherited)",
					"@executable_path/Frameworks",
					"@loader_path/Frameworks",
				);
				PRODUCT_BUNDLE_IDENTIFIER = com.example.BentoTests;
				PRODUCT_NAME = "$(TARGET_NAME)";
				SWIFT_VERSION = 5.0;
				TARGETED_DEVICE_FAMILY = "1,2";
				TEST_HOST = "$(BUILT_PRODUCTS_DIR)/Bento.app/Bento";
			};
			name = Release;
		};
		53CCDD7C23C8D94A006AED5D /* Debug */ = {
			isa = XCBuildConfiguration;
			buildSettings = {
				ALWAYS_EMBED_SWIFT_STANDARD_LIBRARIES = YES;
				CODE_SIGN_STYLE = Automatic;
				DEVELOPMENT_TEAM = 2RZ8GD6Q23;
				INFOPLIST_FILE = BentoUITests/Info.plist;
				LD_RUNPATH_SEARCH_PATHS = (
					"$(inherited)",
					"@executable_path/Frameworks",
					"@loader_path/Frameworks",
				);
				PRODUCT_BUNDLE_IDENTIFIER = com.example.BentoUITests;
				PRODUCT_NAME = "$(TARGET_NAME)";
				SWIFT_VERSION = 5.0;
				TARGETED_DEVICE_FAMILY = "1,2";
				TEST_TARGET_NAME = Bento;
			};
			name = Debug;
		};
		53CCDD7D23C8D94A006AED5D /* Release */ = {
			isa = XCBuildConfiguration;
			buildSettings = {
				ALWAYS_EMBED_SWIFT_STANDARD_LIBRARIES = YES;
				CODE_SIGN_STYLE = Automatic;
				DEVELOPMENT_TEAM = 2RZ8GD6Q23;
				INFOPLIST_FILE = BentoUITests/Info.plist;
				LD_RUNPATH_SEARCH_PATHS = (
					"$(inherited)",
					"@executable_path/Frameworks",
					"@loader_path/Frameworks",
				);
				PRODUCT_BUNDLE_IDENTIFIER = com.example.BentoUITests;
				PRODUCT_NAME = "$(TARGET_NAME)";
				SWIFT_VERSION = 5.0;
				TARGETED_DEVICE_FAMILY = "1,2";
				TEST_TARGET_NAME = Bento;
			};
			name = Release;
		};
/* End XCBuildConfiguration section */

/* Begin XCConfigurationList section */
		53CCDD4323C8D948006AED5D /* Build configuration list for PBXProject "Bento" */ = {
			isa = XCConfigurationList;
			buildConfigurations = (
				53CCDD7323C8D94A006AED5D /* Debug */,
				53CCDD7423C8D94A006AED5D /* Release */,
			);
			defaultConfigurationIsVisible = 0;
			defaultConfigurationName = Release;
		};
		53CCDD7523C8D94A006AED5D /* Build configuration list for PBXNativeTarget "Bento" */ = {
			isa = XCConfigurationList;
			buildConfigurations = (
				53CCDD7623C8D94A006AED5D /* Debug */,
				53CCDD7723C8D94A006AED5D /* Release */,
			);
			defaultConfigurationIsVisible = 0;
			defaultConfigurationName = Release;
		};
		53CCDD7823C8D94A006AED5D /* Build configuration list for PBXNativeTarget "BentoTests" */ = {
			isa = XCConfigurationList;
			buildConfigurations = (
				53CCDD7923C8D94A006AED5D /* Debug */,
				53CCDD7A23C8D94A006AED5D /* Release */,
			);
			defaultConfigurationIsVisible = 0;
			defaultConfigurationName = Release;
		};
		53CCDD7B23C8D94A006AED5D /* Build configuration list for PBXNativeTarget "BentoUITests" */ = {
			isa = XCConfigurationList;
			buildConfigurations = (
				53CCDD7C23C8D94A006AED5D /* Debug */,
				53CCDD7D23C8D94A006AED5D /* Release */,
			);
			defaultConfigurationIsVisible = 0;
			defaultConfigurationName = Release;
		};
/* End XCConfigurationList section */

/* Begin XCVersionGroup section */
		53CCDD4F23C8D948006AED5D /* Bento.xcdatamodeld */ = {
			isa = XCVersionGroup;
			children = (
				53CCDD5023C8D948006AED5D /* Bento.xcdatamodel */,
			);
			currentVersion = 53CCDD5023C8D948006AED5D /* Bento.xcdatamodel */;
			path = Bento.xcdatamodeld;
			sourceTree = "<group>";
			versionGroupType = wrapper.xcdatamodel;
		};
/* End XCVersionGroup section */
	};
	rootObject = 53CCDD4023C8D948006AED5D /* Project object */;
}
